{
  "lockfileVersion": 1,
  "configVersion": 1,
  "workspaces": {
    "": {
      "name": "clawmark-cli",
      "dependencies": {
        "@automerge/automerge": "^3.2.4",
        "@automerge/automerge-repo": "^2.5.1",
        "@automerge/automerge-repo-network-websocket": "^2.5.3",
        "commander": "^13.0.0",
        "nanoid": "^5.1.6",
        "yaml": "^2.7.0",
      },
      "devDependencies": {
        "@types/bun": "latest",
        "typescript": "~5.8.3",
      },
    },
  },
  "packages": {
    "@automerge/automerge": ["@automerge/automerge@3.2.4", "", {}, "sha512-/IAShHSxme5d4ZK0Vs4A0P+tGaR/bSz6KtIJSCIPfwilCxsIqfRHAoNjmsXip6TGouadmbuw3WfLop6cal8pPQ=="],

    "@automerge/automerge-repo": ["@automerge/automerge-repo@2.5.3", "", { "dependencies": { "@automerge/automerge": "2.2.8 - 3", "bs58check": "^3.0.1", "cbor-x": "^1.3.0", "debug": "^4.3.4", "eventemitter3": "^5.0.1", "fast-sha256": "^1.3.0", "uuid": "^9.0.0", "xstate": "^5.9.1" } }, "sha512-5ppzsUlzCs6PY+GeFlquaYLnVnYPz/hWzedep37zjb15tqZju1ukPPkBzT7KGEhEAnA99l4vfhfqSVC+1GktJg=="],

    "@automerge/automerge-repo-network-websocket": ["@automerge/automerge-repo-network-websocket@2.5.3", "", { "dependencies": { "@automerge/automerge-repo": "2.5.3", "cbor-x": "^1.3.0", "debug": "^4.3.4", "eventemitter3": "^5.0.1", "isomorphic-ws": "^5.0.0", "ws": "^8.7.0" } }, "sha512-p6K1YLo34cyGxJ6oMWqeBbWX9rGvEPGyPdX2eq8S/iWNDjYf8lbjKSOhOD8DX87uAMZN/y1XOY/RckwS8lPJbQ=="],

    "@cbor-extract/cbor-extract-darwin-arm64": ["@cbor-extract/cbor-extract-darwin-arm64@2.2.0", "", { "os": "darwin", "cpu": "arm64" }, "sha512-P7swiOAdF7aSi0H+tHtHtr6zrpF3aAq/W9FXx5HektRvLTM2O89xCyXF3pk7pLc7QpaY7AoaE8UowVf9QBdh3w=="],

    "@cbor-extract/cbor-extract-darwin-x64": ["@cbor-extract/cbor-extract-darwin-x64@2.2.0", "", { "os": "darwin", "cpu": "x64" }, "sha512-1liF6fgowph0JxBbYnAS7ZlqNYLf000Qnj4KjqPNW4GViKrEql2MgZnAsExhY9LSy8dnvA4C0qHEBgPrll0z0w=="],

    "@cbor-extract/cbor-extract-linux-arm": ["@cbor-extract/cbor-extract-linux-arm@2.2.0", "", { "os": "linux", "cpu": "arm" }, "sha512-QeBcBXk964zOytiedMPQNZr7sg0TNavZeuUCD6ON4vEOU/25+pLhNN6EDIKJ9VLTKaZ7K7EaAriyYQ1NQ05s/Q=="],

    "@cbor-extract/cbor-extract-linux-arm64": ["@cbor-extract/cbor-extract-linux-arm64@2.2.0", "", { "os": "linux", "cpu": "arm64" }, "sha512-rQvhNmDuhjTVXSPFLolmQ47/ydGOFXtbR7+wgkSY0bdOxCFept1hvg59uiLPT2fVDuJFuEy16EImo5tE2x3RsQ=="],

    "@cbor-extract/cbor-extract-linux-x64": ["@cbor-extract/cbor-extract-linux-x64@2.2.0", "", { "os": "linux", "cpu": "x64" }, "sha512-cWLAWtT3kNLHSvP4RKDzSTX9o0wvQEEAj4SKvhWuOVZxiDAeQazr9A+PSiRILK1VYMLeDml89ohxCnUNQNQNCw=="],

    "@cbor-extract/cbor-extract-win32-x64": ["@cbor-extract/cbor-extract-win32-x64@2.2.0", "", { "os": "win32", "cpu": "x64" }, "sha512-l2M+Z8DO2vbvADOBNLbbh9y5ST1RY5sqkWOg/58GkUPBYou/cuNZ68SGQ644f1CvZ8kcOxyZtw06+dxWHIoN/w=="],

    "@noble/hashes": ["@noble/hashes@1.8.0", "", {}, "sha512-jCs9ldd7NwzpgXDIf6P3+NrHh9/sD6CQdxHyjQI+h/6rDNo88ypBxxz45UDuZHz9r3tNz7N/VInSVoVdtXEI4A=="],

    "@types/bun": ["@types/bun@1.3.10", "", { "dependencies": { "bun-types": "1.3.10" } }, "sha512-0+rlrUrOrTSskibryHbvQkDOWRJwJZqZlxrUs1u4oOoTln8+WIXBPmAuCF35SWB2z4Zl3E84Nl/D0P7803nigQ=="],

    "@types/node": ["@types/node@25.3.5", "", { "dependencies": { "undici-types": "~7.18.0" } }, "sha512-oX8xrhvpiyRCQkG1MFchB09f+cXftgIXb3a7UUa4Y3wpmZPw5tyZGTLWhlESOLq1Rq6oDlc8npVU2/9xiCuXMA=="],

    "base-x": ["base-x@4.0.1", "", {}, "sha512-uAZ8x6r6S3aUM9rbHGVOIsR15U/ZSc82b3ymnCPsT45Gk1DDvhDPdIgB5MrhirZWt+5K0EEPQH985kNqZgNPFw=="],

    "bs58": ["bs58@5.0.0", "", { "dependencies": { "base-x": "^4.0.0" } }, "sha512-r+ihvQJvahgYT50JD05dyJNKlmmSlMoOGwn1lCcEzanPglg7TxYjioQUYehQ9mAR/+hOSd2jRc/Z2y5UxBymvQ=="],

    "bs58check": ["bs58check@3.0.1", "", { "dependencies": { "@noble/hashes": "^1.2.0", "bs58": "^5.0.0" } }, "sha512-hjuuJvoWEybo7Hn/0xOrczQKKEKD63WguEjlhLExYs2wUBcebDC1jDNK17eEAD2lYfw82d5ASC1d7K3SWszjaQ=="],

    "bun-types": ["bun-types@1.3.10", "", { "dependencies": { "@types/node": "*" } }, "sha512-tcpfCCl6XWo6nCVnpcVrxQ+9AYN1iqMIzgrSKYMB/fjLtV2eyAVEg7AxQJuCq/26R6HpKWykQXuSOq/21RYcbg=="],

    "cbor-extract": ["cbor-extract@2.2.0", "", { "dependencies": { "node-gyp-build-optional-packages": "5.1.1" }, "optionalDependencies": { "@cbor-extract/cbor-extract-darwin-arm64": "2.2.0", "@cbor-extract/cbor-extract-darwin-x64": "2.2.0", "@cbor-extract/cbor-extract-linux-arm": "2.2.0", "@cbor-extract/cbor-extract-linux-arm64": "2.2.0", "@cbor-extract/cbor-extract-linux-x64": "2.2.0", "@cbor-extract/cbor-extract-win32-x64": "2.2.0" }, "bin": { "download-cbor-prebuilds": "bin/download-prebuilds.js" } }, "sha512-Ig1zM66BjLfTXpNgKpvBePq271BPOvu8MR0Jl080yG7Jsl+wAZunfrwiwA+9ruzm/WEdIV5QF/bjDZTqyAIVHA=="],

    "cbor-x": ["cbor-x@1.6.0", "", { "optionalDependencies": { "cbor-extract": "^2.2.0" } }, "sha512-0kareyRwHSkL6ws5VXHEf8uY1liitysCVJjlmhaLG+IXLqhSaOO+t63coaso7yjwEzWZzLy8fJo06gZDVQM9Qg=="],

    "commander": ["commander@13.1.0", "", {}, "sha512-/rFeCpNJQbhSZjGVwO9RFV3xPqbnERS8MmIQzCtD/zl6gpJuV/bMLuN92oG3F7d8oDEHHRrujSXNUr8fpjntKw=="],

    "debug": ["debug@4.4.3", "", { "dependencies": { "ms": "^2.1.3" } }, "sha512-RGwwWnwQvkVfavKVt22FGLw+xYSdzARwm0ru6DhTVA3umU5hZc28V3kO4stgYryrTlLpuvgI9GiijltAjNbcqA=="],

    "detect-libc": ["detect-libc@2.1.2", "", {}, "sha512-Btj2BOOO83o3WyH59e8MgXsxEQVcarkUOpEYrubB0urwnN10yQ364rsiByU11nZlqWYZm05i/of7io4mzihBtQ=="],

    "eventemitter3": ["eventemitter3@5.0.4", "", {}, "sha512-mlsTRyGaPBjPedk6Bvw+aqbsXDtoAyAzm5MO7JgU+yVRyMQ5O8bD4Kcci7BS85f93veegeCPkL8R4GLClnjLFw=="],

    "fast-sha256": ["fast-sha256@1.3.0", "", {}, "sha512-n11RGP/lrWEFI/bWdygLxhI+pVeo1ZYIVwvvPkW7azl/rOy+F3HYRZ2K5zeE9mmkhQppyv9sQFx0JM9UabnpPQ=="],

    "isomorphic-ws": ["isomorphic-ws@5.0.0", "", { "peerDependencies": { "ws": "*" } }, "sha512-muId7Zzn9ywDsyXgTIafTry2sV3nySZeUDe6YedVd1Hvuuep5AsIlqK+XefWpYTyJG5e503F2xIuT2lcU6rCSw=="],

    "ms": ["ms@2.1.3", "", {}, "sha512-6FlzubTLZG3J2a/NVCAleEhjzq5oxgHyaCU9yYXvcLsvoVaHJq/s5xXI6/XXP6tz7R9xAOtHnSO/tXtF3WRTlA=="],

    "nanoid": ["nanoid@5.1.6", "", { "bin": { "nanoid": "bin/nanoid.js" } }, "sha512-c7+7RQ+dMB5dPwwCp4ee1/iV/q2P6aK1mTZcfr1BTuVlyW9hJYiMPybJCcnBlQtuSmTIWNeazm/zqNoZSSElBg=="],

    "node-gyp-build-optional-packages": ["node-gyp-build-optional-packages@5.1.1", "", { "dependencies": { "detect-libc": "^2.0.1" }, "bin": { "node-gyp-build-optional-packages": "bin.js", "node-gyp-build-optional-packages-test": "build-test.js", "node-gyp-build-optional-packages-optional": "optional.js" } }, "sha512-+P72GAjVAbTxjjwUmwjVrqrdZROD4nf8KgpBoDxqXXTiYZZt/ud60dE5yvCSr9lRO8e8yv6kgJIC0K0PfZFVQw=="],

    "typescript": ["typescript@5.8.3", "", { "bin": { "tsc": "bin/tsc", "tsserver": "bin/tsserver" } }, "sha512-p1diW6TqL9L07nNxvRMM7hMMw4c5XOo/1ibL4aAIGmSAt9slTE1Xgw5KWuof2uTOvCg9BY7ZRi+GaF+7sfgPeQ=="],

    "undici-types": ["undici-types@7.18.2", "", {}, "sha512-AsuCzffGHJybSaRrmr5eHr81mwJU3kjw6M+uprWvCXiNeN9SOGwQ3Jn8jb8m3Z6izVgknn1R0FTCEAP2QrLY/w=="],

    "uuid": ["uuid@9.0.1", "", { "bin": { "uuid": "dist/bin/uuid" } }, "sha512-b+1eJOlsR9K8HJpow9Ok3fiWOWSIcIzXodvv0rQjVoOVNpWMpxf1wZNpt4y9h10odCNrqnYp1OBzRktckBe3sA=="],

    "ws": ["ws@8.19.0", "", { "peerDependencies": { "bufferutil": "^4.0.1", "utf-8-validate": ">=5.0.2" }, "optionalPeers": ["bufferutil", "utf-8-validate"] }, "sha512-blAT2mjOEIi0ZzruJfIhb3nps74PRWTCz1IjglWEEpQl5XS/UNama6u2/rjFkDDouqr4L67ry+1aGIALViWjDg=="],

    "xstate": ["xstate@5.28.0", "", {}, "sha512-Iaqq6ZrUzqeUtA3hC5LQKZfR8ZLzEFTImMHJM3jWEdVvXWdKvvVLXZEiNQWm3SCA9ZbEou/n5rcsna1wb9t28A=="],

    "yaml": ["yaml@2.8.2", "", { "bin": { "yaml": "bin.mjs" } }, "sha512-mplynKqc1C2hTVYxd0PU2xQAc22TI1vShAYGksCCfxbn/dFwnHTNi1bvYsBTkhdUNtGIf5xNOg938rrSSYvS9A=="],
  }
}
